// !$*UTF8*$!
{
	archiveVersion = 1;
	classes = {
	};
	objectVersion = 46;
	objects = {

/* Begin PBXFileReference section */
		A1008A091E16451F00419AB4 /* FileReader.swift */ = {isa = PBXFileReference; fileEncoding = 4; lastKnownFileType = sourcecode.swift; name = FileReader.swift; path = Source/Io/FileReader.swift; sourceTree = "<group>"; };
		A1008A0B1E16452800419AB4 /* FileReaderTests.swift */ = {isa = PBXFileReference; fileEncoding = 4; lastKnownFileType = sourcecode.swift; name = FileReaderTests.swift; path = Tests/FileReaderTests.swift; sourceTree = "<group>"; };
		A1008A0D1E16454A00419AB4 /* Character.swift */ = {isa = PBXFileReference; fileEncoding = 4; lastKnownFileType = sourcecode.swift; name = Character.swift; path = Source/Character.swift; sourceTree = "<group>"; };
		A1008A0E1E16454A00419AB4 /* CharStream.swift */ = {isa = PBXFileReference; fileEncoding = 4; lastKnownFileType = sourcecode.swift; name = CharStream.swift; path = Source/CharStream.swift; sourceTree = "<group>"; };
		A1008A0F1E16454A00419AB4 /* KoaraError.swift */ = {isa = PBXFileReference; fileEncoding = 4; lastKnownFileType = sourcecode.swift; name = KoaraError.swift; path = Source/KoaraError.swift; sourceTree = "<group>"; };
		A1008A101E16454A00419AB4 /* Parser.swift */ = {isa = PBXFileReference; fileEncoding = 4; lastKnownFileType = sourcecode.swift; name = Parser.swift; path = Source/Parser.swift; sourceTree = "<group>"; };
		A1008A111E16454A00419AB4 /* Renderer.swift */ = {isa = PBXFileReference; fileEncoding = 4; lastKnownFileType = sourcecode.swift; name = Renderer.swift; path = Source/Renderer.swift; sourceTree = "<group>"; };
		A1008A121E16454A00419AB4 /* Token.swift */ = {isa = PBXFileReference; fileEncoding = 4; lastKnownFileType = sourcecode.swift; name = Token.swift; path = Source/Token.swift; sourceTree = "<group>"; };
		A1008A131E16454A00419AB4 /* TokenManager.swift */ = {isa = PBXFileReference; fileEncoding = 4; lastKnownFileType = sourcecode.swift; name = TokenManager.swift; path = Source/TokenManager.swift; sourceTree = "<group>"; };
		A1008A141E16454A00419AB4 /* TreeState.swift */ = {isa = PBXFileReference; fileEncoding = 4; lastKnownFileType = sourcecode.swift; name = TreeState.swift; path = Source/TreeState.swift; sourceTree = "<group>"; };
		A1008A1E1E16457700419AB4 /* BlockElement.swift */ = {isa = PBXFileReference; fileEncoding = 4; lastKnownFileType = sourcecode.swift; name = BlockElement.swift; path = Source/Ast/BlockElement.swift; sourceTree = "<group>"; };
		A1008A1F1E16457700419AB4 /* BlockQuote.swift */ = {isa = PBXFileReference; fileEncoding = 4; lastKnownFileType = sourcecode.swift; name = BlockQuote.swift; path = Source/Ast/BlockQuote.swift; sourceTree = "<group>"; };
		A1008A201E16457700419AB4 /* Code.swift */ = {isa = PBXFileReference; fileEncoding = 4; lastKnownFileType = sourcecode.swift; name = Code.swift; path = Source/Ast/Code.swift; sourceTree = "<group>"; };
		A1008A211E16457700419AB4 /* CodeBlock.swift */ = {isa = PBXFileReference; fileEncoding = 4; lastKnownFileType = sourcecode.swift; name = CodeBlock.swift; path = Source/Ast/CodeBlock.swift; sourceTree = "<group>"; };
		A1008A221E16457700419AB4 /* Document.swift */ = {isa = PBXFileReference; fileEncoding = 4; lastKnownFileType = sourcecode.swift; name = Document.swift; path = Source/Ast/Document.swift; sourceTree = "<group>"; };
		A1008A231E16457700419AB4 /* Em.swift */ = {isa = PBXFileReference; fileEncoding = 4; lastKnownFileType = sourcecode.swift; name = Em.swift; path = Source/Ast/Em.swift; sourceTree = "<group>"; };
		A1008A241E16457700419AB4 /* Heading.swift */ = {isa = PBXFileReference; fileEncoding = 4; lastKnownFileType = sourcecode.swift; name = Heading.swift; path = Source/Ast/Heading.swift; sourceTree = "<group>"; };
		A1008A251E16457700419AB4 /* Image.swift */ = {isa = PBXFileReference; fileEncoding = 4; lastKnownFileType = sourcecode.swift; name = Image.swift; path = Source/Ast/Image.swift; sourceTree = "<group>"; };
		A1008A261E16457700419AB4 /* LineBreak.swift */ = {isa = PBXFileReference; fileEncoding = 4; lastKnownFileType = sourcecode.swift; name = LineBreak.swift; path = Source/Ast/LineBreak.swift; sourceTree = "<group>"; };
		A1008A271E16457700419AB4 /* Link.swift */ = {isa = PBXFileReference; fileEncoding = 4; lastKnownFileType = sourcecode.swift; name = Link.swift; path = Source/Ast/Link.swift; sourceTree = "<group>"; };
		A1008A281E16457700419AB4 /* ListBlock.swift */ = {isa = PBXFileReference; fileEncoding = 4; lastKnownFileType = sourcecode.swift; name = ListBlock.swift; path = Source/Ast/ListBlock.swift; sourceTree = "<group>"; };
		A1008A291E16457700419AB4 /* ListItem.swift */ = {isa = PBXFileReference; fileEncoding = 4; lastKnownFileType = sourcecode.swift; name = ListItem.swift; path = Source/Ast/ListItem.swift; sourceTree = "<group>"; };
		A1008A2A1E16457700419AB4 /* Node.swift */ = {isa = PBXFileReference; fileEncoding = 4; lastKnownFileType = sourcecode.swift; name = Node.swift; path = Source/Ast/Node.swift; sourceTree = "<group>"; };
		A1008A2B1E16457700419AB4 /* Paragraph.swift */ = {isa = PBXFileReference; fileEncoding = 4; lastKnownFileType = sourcecode.swift; name = Paragraph.swift; path = Source/Ast/Paragraph.swift; sourceTree = "<group>"; };
		A1008A2C1E16457700419AB4 /* Strong.swift */ = {isa = PBXFileReference; fileEncoding = 4; lastKnownFileType = sourcecode.swift; name = Strong.swift; path = Source/Ast/Strong.swift; sourceTree = "<group>"; };
		A1008A2D1E16457700419AB4 /* Text.swift */ = {isa = PBXFileReference; fileEncoding = 4; lastKnownFileType = sourcecode.swift; name = Text.swift; path = Source/Ast/Text.swift; sourceTree = "<group>"; };
		A1008A3E1E1645A200419AB4 /* CharStreamTests.swift */ = {isa = PBXFileReference; fileEncoding = 4; lastKnownFileType = sourcecode.swift; name = CharStreamTests.swift; path = Tests/CharStreamTests.swift; sourceTree = "<group>"; };
		A1008A3F1E1645A200419AB4 /* ComplianceTest.swift */ = {isa = PBXFileReference; fileEncoding = 4; lastKnownFileType = sourcecode.swift; name = ComplianceTest.swift; path = Tests/ComplianceTest.swift; sourceTree = "<group>"; };
		A1008A401E1645A200419AB4 /* Html5Renderer.swift */ = {isa = PBXFileReference; fileEncoding = 4; lastKnownFileType = sourcecode.swift; name = Html5Renderer.swift; path = Tests/Html5Renderer.swift; sourceTree = "<group>"; };
		A1008A411E1645A200419AB4 /* TokenManagerTest.swift */ = {isa = PBXFileReference; fileEncoding = 4; lastKnownFileType = sourcecode.swift; name = TokenManagerTest.swift; path = Tests/TokenManagerTest.swift; sourceTree = "<group>"; };
		A12176B51E9EAB1F00D04E20 /* Info.plist */ = {isa = PBXFileReference; lastKnownFileType = text.plist.xml; name = Info.plist; path = "Koara iOS/Info.plist"; sourceTree = "<group>"; };
		A12176C11E9EAB1F00D04E20 /* Info.plist */ = {isa = PBXFileReference; lastKnownFileType = text.plist.xml; name = Info.plist; path = "Koara iOSTests/Info.plist"; sourceTree = "<group>"; };
		A17742B11E1539C100AB88FF /* Koara.h */ = {isa = PBXFileReference; fileEncoding = 4; lastKnownFileType = sourcecode.c.h; name = Koara.h; path = Source/Koara.h; sourceTree = "<group>"; };
		A1C3639F1E15915700CC1874 /* Reader.swift */ = {isa = PBXFileReference; fileEncoding = 4; lastKnownFileType = sourcecode.swift; name = Reader.swift; path = Source/Io/Reader.swift; sourceTree = "<group>"; };
		A1C363A01E15915700CC1874 /* StringReader.swift */ = {isa = PBXFileReference; fileEncoding = 4; lastKnownFileType = sourcecode.swift; name = StringReader.swift; path = Source/Io/StringReader.swift; sourceTree = "<group>"; };
		A1C363A31E15916300CC1874 /* StringReaderTest.swift */ = {isa = PBXFileReference; fileEncoding = 4; lastKnownFileType = sourcecode.swift; name = StringReaderTest.swift; path = Tests/StringReaderTest.swift; sourceTree = "<group>"; };
		A1CDEBC41E8C08F900101814 /* End2EndTest.swift */ = {isa = PBXFileReference; fileEncoding = 4; lastKnownFileType = sourcecode.swift; name = End2EndTest.swift; path = Tests/End2EndTest.swift; sourceTree = "<group>"; };
		A1DBE20B1E5423F400BF0BF1 /* testsuite */ = {isa = PBXFileReference; lastKnownFileType = folder; path = testsuite; sourceTree = "<group>"; };
/* End PBXFileReference section */

/* Begin PBXGroup section */
		A1008A1D1E16455400419AB4 /* Ast */ = {
			isa = PBXGroup;
			children = (
				A1008A1E1E16457700419AB4 /* BlockElement.swift */,
				A1008A1F1E16457700419AB4 /* BlockQuote.swift */,
				A1008A201E16457700419AB4 /* Code.swift */,
				A1008A211E16457700419AB4 /* CodeBlock.swift */,
				A1008A221E16457700419AB4 /* Document.swift */,
				A1008A231E16457700419AB4 /* Em.swift */,
				A1008A241E16457700419AB4 /* Heading.swift */,
				A1008A251E16457700419AB4 /* Image.swift */,
				A1008A261E16457700419AB4 /* LineBreak.swift */,
				A1008A271E16457700419AB4 /* Link.swift */,
				A1008A281E16457700419AB4 /* ListBlock.swift */,
				A1008A291E16457700419AB4 /* ListItem.swift */,
				A1008A2A1E16457700419AB4 /* Node.swift */,
				A1008A2B1E16457700419AB4 /* Paragraph.swift */,
				A1008A2C1E16457700419AB4 /* Strong.swift */,
				A1008A2D1E16457700419AB4 /* Text.swift */,
			);
			name = Ast;
			sourceTree = "<group>";
		};
		A17741281E13F67C00AB88FF = {
			isa = PBXGroup;
			children = (
				A1DBE20B1E5423F400BF0BF1 /* testsuite */,
				A177421A1E14F6C500AB88FF /* Source */,
				A17742191E14F6BC00AB88FF /* Tests */,
			);
			sourceTree = "<group>";
		};
		A17742191E14F6BC00AB88FF /* Tests */ = {
			isa = PBXGroup;
			children = (
				A1008A3E1E1645A200419AB4 /* CharStreamTests.swift */,
				A1008A3F1E1645A200419AB4 /* ComplianceTest.swift */,
				A1008A401E1645A200419AB4 /* Html5Renderer.swift */,
				A1008A411E1645A200419AB4 /* TokenManagerTest.swift */,
				A1008A0B1E16452800419AB4 /* FileReaderTests.swift */,
				A1C363A31E15916300CC1874 /* StringReaderTest.swift */,
				A1CDEBC41E8C08F900101814 /* End2EndTest.swift */,
				A12176C11E9EAB1F00D04E20 /* Info.plist */,
			);
			name = Tests;
			sourceTree = "<group>";
		};
		A177421A1E14F6C500AB88FF /* Source */ = {
			isa = PBXGroup;
			children = (
				A1008A1D1E16455400419AB4 /* Ast */,
				A1C3639E1E15912C00CC1874 /* Io */,
				A1008A0D1E16454A00419AB4 /* Character.swift */,
				A1008A0E1E16454A00419AB4 /* CharStream.swift */,
				A1008A0F1E16454A00419AB4 /* KoaraError.swift */,
				A1008A101E16454A00419AB4 /* Parser.swift */,
				A1008A111E16454A00419AB4 /* Renderer.swift */,
				A1008A121E16454A00419AB4 /* Token.swift */,
				A1008A131E16454A00419AB4 /* TokenManager.swift */,
				A1008A141E16454A00419AB4 /* TreeState.swift */,
				A17742B11E1539C100AB88FF /* Koara.h */,
				A12176B51E9EAB1F00D04E20 /* Info.plist */,
			);
			name = Source;
			sourceTree = "<group>";
		};
		A1C3639E1E15912C00CC1874 /* Io */ = {
			isa = PBXGroup;
			children = (
				A1008A091E16451F00419AB4 /* FileReader.swift */,
				A1C3639F1E15915700CC1874 /* Reader.swift */,
				A1C363A01E15915700CC1874 /* StringReader.swift */,
			);
			name = Io;
			sourceTree = "<group>";
		};
/* End PBXGroup section */

/* Begin PBXProject section */
		A17741291E13F67C00AB88FF /* Project object */ = {
			isa = PBXProject;
			attributes = {
				LastSwiftUpdateCheck = 0830;
				LastUpgradeCheck = 0820;
			};
			buildConfigurationList = A177412C1E13F67C00AB88FF /* Build configuration list for PBXProject "Koara" */;
			compatibilityVersion = "Xcode 3.2";
			developmentRegion = English;
			hasScannedForEncodings = 0;
			knownRegions = (
				en,
			);
			mainGroup = A17741281E13F67C00AB88FF;
			productRefGroup = A17741281E13F67C00AB88FF;
			projectDirPath = "";
			projectRoot = "";
			targets = (
			);
		};
/* End PBXProject section */

/* Begin XCBuildConfiguration section */
		A177412D1E13F67C00AB88FF /* Debug */ = {
			isa = XCBuildConfiguration;
			buildSettings = {
				CLANG_WARN_BOOL_CONVERSION = YES;
				CLANG_WARN_CONSTANT_CONVERSION = YES;
				CLANG_WARN_EMPTY_BODY = YES;
				CLANG_WARN_ENUM_CONVERSION = YES;
				CLANG_WARN_INFINITE_RECURSION = YES;
				CLANG_WARN_INT_CONVERSION = YES;
				CLANG_WARN_SUSPICIOUS_MOVE = YES;
				CLANG_WARN_UNREACHABLE_CODE = YES;
				CLANG_WARN__DUPLICATE_METHOD_MATCH = YES;
				CODE_SIGN_IDENTITY = "iPhone Developer: andy.vandenheuvel@gmail.com (DGEE84MG7S)";
				ENABLE_STRICT_OBJC_MSGSEND = YES;
				ENABLE_TESTABILITY = YES;
				GCC_NO_COMMON_BLOCKS = YES;
				GCC_WARN_64_TO_32_BIT_CONVERSION = YES;
				GCC_WARN_ABOUT_RETURN_TYPE = YES;
				GCC_WARN_UNDECLARED_SELECTOR = YES;
				GCC_WARN_UNINITIALIZED_AUTOS = YES;
				GCC_WARN_UNUSED_FUNCTION = YES;
				GCC_WARN_UNUSED_VARIABLE = YES;
				ONLY_ACTIVE_ARCH = YES;
			};
			name = Debug;
		};
		A177412E1E13F67C00AB88FF /* Release */ = {
			isa = XCBuildConfiguration;
			buildSettings = {
				CLANG_WARN_BOOL_CONVERSION = YES;
				CLANG_WARN_CONSTANT_CONVERSION = YES;
				CLANG_WARN_EMPTY_BODY = YES;
				CLANG_WARN_ENUM_CONVERSION = YES;
				CLANG_WARN_INFINITE_RECURSION = YES;
				CLANG_WARN_INT_CONVERSION = YES;
				CLANG_WARN_SUSPICIOUS_MOVE = YES;
				CLANG_WARN_UNREACHABLE_CODE = YES;
				CLANG_WARN__DUPLICATE_METHOD_MATCH = YES;
				CODE_SIGN_IDENTITY = "iPhone Developer: andy.vandenheuvel@gmail.com (DGEE84MG7S)";
				ENABLE_STRICT_OBJC_MSGSEND = YES;
				GCC_NO_COMMON_BLOCKS = YES;
				GCC_WARN_64_TO_32_BIT_CONVERSION = YES;
				GCC_WARN_ABOUT_RETURN_TYPE = YES;
				GCC_WARN_UNDECLARED_SELECTOR = YES;
				GCC_WARN_UNINITIALIZED_AUTOS = YES;
				GCC_WARN_UNUSED_FUNCTION = YES;
				GCC_WARN_UNUSED_VARIABLE = YES;
			};
			name = Release;
		};
/* End XCBuildConfiguration section */

/* Begin XCConfigurationList section */
		A177412C1E13F67C00AB88FF /* Build configuration list for PBXProject "Koara" */ = {
			isa = XCConfigurationList;
			buildConfigurations = (
				A177412D1E13F67C00AB88FF /* Debug */,
				A177412E1E13F67C00AB88FF /* Release */,
			);
			defaultConfigurationIsVisible = 0;
			defaultConfigurationName = Release;
		};
/* End XCConfigurationList section */
	};
	rootObject = A17741291E13F67C00AB88FF /* Project object */;
}
