// !$*UTF8*$!
{
	archiveVersion = 1;
	classes = {
	};
	objectVersion = 46;
	objects = {

/* Begin PBXBuildFile section */
		A1008A5A1E16477600419AB4 /* Koara.framework in Frameworks */ = {isa = PBXBuildFile; fileRef = A1008A511E16477600419AB4 /* Koara.framework */; };
		A1008A681E1647CA00419AB4 /* Koara.h in Headers */ = {isa = PBXBuildFile; fileRef = A17742B11E1539C100AB88FF /* Koara.h */; settings = {ATTRIBUTES = (Public, ); }; };
		A1008A691E1647FD00419AB4 /* CharStreamTests.swift in Sources */ = {isa = PBXBuildFile; fileRef = A1008A3E1E1645A200419AB4 /* CharStreamTests.swift */; };
		A1008A6A1E1647FD00419AB4 /* ComplianceTest.swift in Sources */ = {isa = PBXBuildFile; fileRef = A1008A3F1E1645A200419AB4 /* ComplianceTest.swift */; };
		A1008A6B1E1647FD00419AB4 /* Html5Renderer.swift in Sources */ = {isa = PBXBuildFile; fileRef = A1008A401E1645A200419AB4 /* Html5Renderer.swift */; };
		A1008A6C1E1647FD00419AB4 /* TokenManagerTest.swift in Sources */ = {isa = PBXBuildFile; fileRef = A1008A411E1645A200419AB4 /* TokenManagerTest.swift */; };
		A1008A6D1E1647FD00419AB4 /* FileReaderTests.swift in Sources */ = {isa = PBXBuildFile; fileRef = A1008A0B1E16452800419AB4 /* FileReaderTests.swift */; };
		A1008A6E1E1647FD00419AB4 /* StringReaderTest.swift in Sources */ = {isa = PBXBuildFile; fileRef = A1C363A31E15916300CC1874 /* StringReaderTest.swift */; };
		A1008A6F1E164A0E00419AB4 /* BlockElement.swift in Sources */ = {isa = PBXBuildFile; fileRef = A1008A1E1E16457700419AB4 /* BlockElement.swift */; };
		A1008A701E164A0E00419AB4 /* BlockQuote.swift in Sources */ = {isa = PBXBuildFile; fileRef = A1008A1F1E16457700419AB4 /* BlockQuote.swift */; };
		A1008A711E164A0E00419AB4 /* Code.swift in Sources */ = {isa = PBXBuildFile; fileRef = A1008A201E16457700419AB4 /* Code.swift */; };
		A1008A721E164A0E00419AB4 /* CodeBlock.swift in Sources */ = {isa = PBXBuildFile; fileRef = A1008A211E16457700419AB4 /* CodeBlock.swift */; };
		A1008A731E164A0E00419AB4 /* Document.swift in Sources */ = {isa = PBXBuildFile; fileRef = A1008A221E16457700419AB4 /* Document.swift */; };
		A1008A741E164A0E00419AB4 /* Em.swift in Sources */ = {isa = PBXBuildFile; fileRef = A1008A231E16457700419AB4 /* Em.swift */; };
		A1008A751E164A0E00419AB4 /* Heading.swift in Sources */ = {isa = PBXBuildFile; fileRef = A1008A241E16457700419AB4 /* Heading.swift */; };
		A1008A761E164A0E00419AB4 /* Image.swift in Sources */ = {isa = PBXBuildFile; fileRef = A1008A251E16457700419AB4 /* Image.swift */; };
		A1008A771E164A0E00419AB4 /* LineBreak.swift in Sources */ = {isa = PBXBuildFile; fileRef = A1008A261E16457700419AB4 /* LineBreak.swift */; };
		A1008A781E164A0E00419AB4 /* Link.swift in Sources */ = {isa = PBXBuildFile; fileRef = A1008A271E16457700419AB4 /* Link.swift */; };
		A1008A791E164A0E00419AB4 /* ListBlock.swift in Sources */ = {isa = PBXBuildFile; fileRef = A1008A281E16457700419AB4 /* ListBlock.swift */; };
		A1008A7A1E164A0E00419AB4 /* ListItem.swift in Sources */ = {isa = PBXBuildFile; fileRef = A1008A291E16457700419AB4 /* ListItem.swift */; };
		A1008A7B1E164A0E00419AB4 /* Node.swift in Sources */ = {isa = PBXBuildFile; fileRef = A1008A2A1E16457700419AB4 /* Node.swift */; };
		A1008A7C1E164A0E00419AB4 /* Paragraph.swift in Sources */ = {isa = PBXBuildFile; fileRef = A1008A2B1E16457700419AB4 /* Paragraph.swift */; };
		A1008A7D1E164A0E00419AB4 /* Strong.swift in Sources */ = {isa = PBXBuildFile; fileRef = A1008A2C1E16457700419AB4 /* Strong.swift */; };
		A1008A7E1E164A0E00419AB4 /* Text.swift in Sources */ = {isa = PBXBuildFile; fileRef = A1008A2D1E16457700419AB4 /* Text.swift */; };
		A1008A7F1E164A0E00419AB4 /* FileReader.swift in Sources */ = {isa = PBXBuildFile; fileRef = A1008A091E16451F00419AB4 /* FileReader.swift */; };
		A1008A801E164A0E00419AB4 /* Reader.swift in Sources */ = {isa = PBXBuildFile; fileRef = A1C3639F1E15915700CC1874 /* Reader.swift */; };
		A1008A811E164A0E00419AB4 /* StringReader.swift in Sources */ = {isa = PBXBuildFile; fileRef = A1C363A01E15915700CC1874 /* StringReader.swift */; };
		A1008A821E164A0E00419AB4 /* Character.swift in Sources */ = {isa = PBXBuildFile; fileRef = A1008A0D1E16454A00419AB4 /* Character.swift */; };
		A1008A831E164A0E00419AB4 /* CharStream.swift in Sources */ = {isa = PBXBuildFile; fileRef = A1008A0E1E16454A00419AB4 /* CharStream.swift */; };
		A1008A841E164A0E00419AB4 /* KoaraError.swift in Sources */ = {isa = PBXBuildFile; fileRef = A1008A0F1E16454A00419AB4 /* KoaraError.swift */; };
		A1008A851E164A0E00419AB4 /* Parser.swift in Sources */ = {isa = PBXBuildFile; fileRef = A1008A101E16454A00419AB4 /* Parser.swift */; };
		A1008A861E164A0E00419AB4 /* Renderer.swift in Sources */ = {isa = PBXBuildFile; fileRef = A1008A111E16454A00419AB4 /* Renderer.swift */; };
		A1008A871E164A0E00419AB4 /* Token.swift in Sources */ = {isa = PBXBuildFile; fileRef = A1008A121E16454A00419AB4 /* Token.swift */; };
		A1008A881E164A0E00419AB4 /* TokenManager.swift in Sources */ = {isa = PBXBuildFile; fileRef = A1008A131E16454A00419AB4 /* TokenManager.swift */; };
		A1008A891E164A0E00419AB4 /* TreeState.swift in Sources */ = {isa = PBXBuildFile; fileRef = A1008A141E16454A00419AB4 /* TreeState.swift */; };
/* End PBXBuildFile section */

/* Begin PBXContainerItemProxy section */
		A1008A5B1E16477600419AB4 /* PBXContainerItemProxy */ = {
			isa = PBXContainerItemProxy;
			containerPortal = A17741291E13F67C00AB88FF /* Project object */;
			proxyType = 1;
			remoteGlobalIDString = A1008A501E16477600419AB4;
			remoteInfo = Koara;
		};
/* End PBXContainerItemProxy section */

/* Begin PBXFileReference section */
		A1008A091E16451F00419AB4 /* FileReader.swift */ = {isa = PBXFileReference; fileEncoding = 4; lastKnownFileType = sourcecode.swift; name = FileReader.swift; path = Source/Io/FileReader.swift; sourceTree = "<group>"; };
		A1008A0B1E16452800419AB4 /* FileReaderTests.swift */ = {isa = PBXFileReference; fileEncoding = 4; lastKnownFileType = sourcecode.swift; name = FileReaderTests.swift; path = Tests/FileReaderTests.swift; sourceTree = "<group>"; };
		A1008A0D1E16454A00419AB4 /* Character.swift */ = {isa = PBXFileReference; fileEncoding = 4; lastKnownFileType = sourcecode.swift; name = Character.swift; path = Source/Character.swift; sourceTree = "<group>"; };
		A1008A0E1E16454A00419AB4 /* CharStream.swift */ = {isa = PBXFileReference; fileEncoding = 4; lastKnownFileType = sourcecode.swift; name = CharStream.swift; path = Source/CharStream.swift; sourceTree = "<group>"; };
		A1008A0F1E16454A00419AB4 /* KoaraError.swift */ = {isa = PBXFileReference; fileEncoding = 4; lastKnownFileType = sourcecode.swift; name = KoaraError.swift; path = Source/KoaraError.swift; sourceTree = "<group>"; };
		A1008A101E16454A00419AB4 /* Parser.swift */ = {isa = PBXFileReference; fileEncoding = 4; lastKnownFileType = sourcecode.swift; name = Parser.swift; path = Source/Parser.swift; sourceTree = "<group>"; };
		A1008A111E16454A00419AB4 /* Renderer.swift */ = {isa = PBXFileReference; fileEncoding = 4; lastKnownFileType = sourcecode.swift; name = Renderer.swift; path = Source/Renderer.swift; sourceTree = "<group>"; };
		A1008A121E16454A00419AB4 /* Token.swift */ = {isa = PBXFileReference; fileEncoding = 4; lastKnownFileType = sourcecode.swift; name = Token.swift; path = Source/Token.swift; sourceTree = "<group>"; };
		A1008A131E16454A00419AB4 /* TokenManager.swift */ = {isa = PBXFileReference; fileEncoding = 4; lastKnownFileType = sourcecode.swift; name = TokenManager.swift; path = Source/TokenManager.swift; sourceTree = "<group>"; };
		A1008A141E16454A00419AB4 /* TreeState.swift */ = {isa = PBXFileReference; fileEncoding = 4; lastKnownFileType = sourcecode.swift; name = TreeState.swift; path = Source/TreeState.swift; sourceTree = "<group>"; };
		A1008A1E1E16457700419AB4 /* BlockElement.swift */ = {isa = PBXFileReference; fileEncoding = 4; lastKnownFileType = sourcecode.swift; name = BlockElement.swift; path = Source/Ast/BlockElement.swift; sourceTree = "<group>"; };
		A1008A1F1E16457700419AB4 /* BlockQuote.swift */ = {isa = PBXFileReference; fileEncoding = 4; lastKnownFileType = sourcecode.swift; name = BlockQuote.swift; path = Source/Ast/BlockQuote.swift; sourceTree = "<group>"; };
		A1008A201E16457700419AB4 /* Code.swift */ = {isa = PBXFileReference; fileEncoding = 4; lastKnownFileType = sourcecode.swift; name = Code.swift; path = Source/Ast/Code.swift; sourceTree = "<group>"; };
		A1008A211E16457700419AB4 /* CodeBlock.swift */ = {isa = PBXFileReference; fileEncoding = 4; lastKnownFileType = sourcecode.swift; name = CodeBlock.swift; path = Source/Ast/CodeBlock.swift; sourceTree = "<group>"; };
		A1008A221E16457700419AB4 /* Document.swift */ = {isa = PBXFileReference; fileEncoding = 4; lastKnownFileType = sourcecode.swift; name = Document.swift; path = Source/Ast/Document.swift; sourceTree = "<group>"; };
		A1008A231E16457700419AB4 /* Em.swift */ = {isa = PBXFileReference; fileEncoding = 4; lastKnownFileType = sourcecode.swift; name = Em.swift; path = Source/Ast/Em.swift; sourceTree = "<group>"; };
		A1008A241E16457700419AB4 /* Heading.swift */ = {isa = PBXFileReference; fileEncoding = 4; lastKnownFileType = sourcecode.swift; name = Heading.swift; path = Source/Ast/Heading.swift; sourceTree = "<group>"; };
		A1008A251E16457700419AB4 /* Image.swift */ = {isa = PBXFileReference; fileEncoding = 4; lastKnownFileType = sourcecode.swift; name = Image.swift; path = Source/Ast/Image.swift; sourceTree = "<group>"; };
		A1008A261E16457700419AB4 /* LineBreak.swift */ = {isa = PBXFileReference; fileEncoding = 4; lastKnownFileType = sourcecode.swift; name = LineBreak.swift; path = Source/Ast/LineBreak.swift; sourceTree = "<group>"; };
		A1008A271E16457700419AB4 /* Link.swift */ = {isa = PBXFileReference; fileEncoding = 4; lastKnownFileType = sourcecode.swift; name = Link.swift; path = Source/Ast/Link.swift; sourceTree = "<group>"; };
		A1008A281E16457700419AB4 /* ListBlock.swift */ = {isa = PBXFileReference; fileEncoding = 4; lastKnownFileType = sourcecode.swift; name = ListBlock.swift; path = Source/Ast/ListBlock.swift; sourceTree = "<group>"; };
		A1008A291E16457700419AB4 /* ListItem.swift */ = {isa = PBXFileReference; fileEncoding = 4; lastKnownFileType = sourcecode.swift; name = ListItem.swift; path = Source/Ast/ListItem.swift; sourceTree = "<group>"; };
		A1008A2A1E16457700419AB4 /* Node.swift */ = {isa = PBXFileReference; fileEncoding = 4; lastKnownFileType = sourcecode.swift; name = Node.swift; path = Source/Ast/Node.swift; sourceTree = "<group>"; };
		A1008A2B1E16457700419AB4 /* Paragraph.swift */ = {isa = PBXFileReference; fileEncoding = 4; lastKnownFileType = sourcecode.swift; name = Paragraph.swift; path = Source/Ast/Paragraph.swift; sourceTree = "<group>"; };
		A1008A2C1E16457700419AB4 /* Strong.swift */ = {isa = PBXFileReference; fileEncoding = 4; lastKnownFileType = sourcecode.swift; name = Strong.swift; path = Source/Ast/Strong.swift; sourceTree = "<group>"; };
		A1008A2D1E16457700419AB4 /* Text.swift */ = {isa = PBXFileReference; fileEncoding = 4; lastKnownFileType = sourcecode.swift; name = Text.swift; path = Source/Ast/Text.swift; sourceTree = "<group>"; };
		A1008A3E1E1645A200419AB4 /* CharStreamTests.swift */ = {isa = PBXFileReference; fileEncoding = 4; lastKnownFileType = sourcecode.swift; name = CharStreamTests.swift; path = Tests/CharStreamTests.swift; sourceTree = "<group>"; };
		A1008A3F1E1645A200419AB4 /* ComplianceTest.swift */ = {isa = PBXFileReference; fileEncoding = 4; lastKnownFileType = sourcecode.swift; name = ComplianceTest.swift; path = Tests/ComplianceTest.swift; sourceTree = "<group>"; };
		A1008A401E1645A200419AB4 /* Html5Renderer.swift */ = {isa = PBXFileReference; fileEncoding = 4; lastKnownFileType = sourcecode.swift; name = Html5Renderer.swift; path = Tests/Html5Renderer.swift; sourceTree = "<group>"; };
		A1008A411E1645A200419AB4 /* TokenManagerTest.swift */ = {isa = PBXFileReference; fileEncoding = 4; lastKnownFileType = sourcecode.swift; name = TokenManagerTest.swift; path = Tests/TokenManagerTest.swift; sourceTree = "<group>"; };
		A1008A511E16477600419AB4 /* Koara.framework */ = {isa = PBXFileReference; explicitFileType = wrapper.framework; includeInIndex = 0; path = Koara.framework; sourceTree = BUILT_PRODUCTS_DIR; };
		A1008A591E16477600419AB4 /* Koara iOS Tests.xctest */ = {isa = PBXFileReference; explicitFileType = wrapper.cfbundle; includeInIndex = 0; path = "Koara iOS Tests.xctest"; sourceTree = BUILT_PRODUCTS_DIR; };
		A17742B11E1539C100AB88FF /* Koara.h */ = {isa = PBXFileReference; fileEncoding = 4; lastKnownFileType = sourcecode.c.h; name = Koara.h; path = Source/Koara.h; sourceTree = "<group>"; };
		A1C3639F1E15915700CC1874 /* Reader.swift */ = {isa = PBXFileReference; fileEncoding = 4; lastKnownFileType = sourcecode.swift; name = Reader.swift; path = Source/Io/Reader.swift; sourceTree = "<group>"; };
		A1C363A01E15915700CC1874 /* StringReader.swift */ = {isa = PBXFileReference; fileEncoding = 4; lastKnownFileType = sourcecode.swift; name = StringReader.swift; path = Source/Io/StringReader.swift; sourceTree = "<group>"; };
		A1C363A31E15916300CC1874 /* StringReaderTest.swift */ = {isa = PBXFileReference; fileEncoding = 4; lastKnownFileType = sourcecode.swift; name = StringReaderTest.swift; path = Tests/StringReaderTest.swift; sourceTree = "<group>"; };
/* End PBXFileReference section */

/* Begin PBXFrameworksBuildPhase section */
		A1008A4D1E16477600419AB4 /* Frameworks */ = {
			isa = PBXFrameworksBuildPhase;
			buildActionMask = 2147483647;
			files = (
			);
			runOnlyForDeploymentPostprocessing = 0;
		};
		A1008A561E16477600419AB4 /* Frameworks */ = {
			isa = PBXFrameworksBuildPhase;
			buildActionMask = 2147483647;
			files = (
				A1008A5A1E16477600419AB4 /* Koara.framework in Frameworks */,
			);
			runOnlyForDeploymentPostprocessing = 0;
		};
/* End PBXFrameworksBuildPhase section */

/* Begin PBXGroup section */
		A1008A1D1E16455400419AB4 /* Ast */ = {
			isa = PBXGroup;
			children = (
				A1008A1E1E16457700419AB4 /* BlockElement.swift */,
				A1008A1F1E16457700419AB4 /* BlockQuote.swift */,
				A1008A201E16457700419AB4 /* Code.swift */,
				A1008A211E16457700419AB4 /* CodeBlock.swift */,
				A1008A221E16457700419AB4 /* Document.swift */,
				A1008A231E16457700419AB4 /* Em.swift */,
				A1008A241E16457700419AB4 /* Heading.swift */,
				A1008A251E16457700419AB4 /* Image.swift */,
				A1008A261E16457700419AB4 /* LineBreak.swift */,
				A1008A271E16457700419AB4 /* Link.swift */,
				A1008A281E16457700419AB4 /* ListBlock.swift */,
				A1008A291E16457700419AB4 /* ListItem.swift */,
				A1008A2A1E16457700419AB4 /* Node.swift */,
				A1008A2B1E16457700419AB4 /* Paragraph.swift */,
				A1008A2C1E16457700419AB4 /* Strong.swift */,
				A1008A2D1E16457700419AB4 /* Text.swift */,
			);
			name = Ast;
			sourceTree = "<group>";
		};
		A17741281E13F67C00AB88FF = {
			isa = PBXGroup;
			children = (
				A177421A1E14F6C500AB88FF /* Source */,
				A17742191E14F6BC00AB88FF /* Tests */,
				A1008A511E16477600419AB4 /* Koara.framework */,
				A1008A591E16477600419AB4 /* Koara iOS Tests.xctest */,
			);
			sourceTree = "<group>";
		};
		A17742191E14F6BC00AB88FF /* Tests */ = {
			isa = PBXGroup;
			children = (
				A1008A3E1E1645A200419AB4 /* CharStreamTests.swift */,
				A1008A3F1E1645A200419AB4 /* ComplianceTest.swift */,
				A1008A401E1645A200419AB4 /* Html5Renderer.swift */,
				A1008A411E1645A200419AB4 /* TokenManagerTest.swift */,
				A1008A0B1E16452800419AB4 /* FileReaderTests.swift */,
				A1C363A31E15916300CC1874 /* StringReaderTest.swift */,
			);
			name = Tests;
			sourceTree = "<group>";
		};
		A177421A1E14F6C500AB88FF /* Source */ = {
			isa = PBXGroup;
			children = (
				A1008A1D1E16455400419AB4 /* Ast */,
				A1C3639E1E15912C00CC1874 /* Io */,
				A1008A0D1E16454A00419AB4 /* Character.swift */,
				A1008A0E1E16454A00419AB4 /* CharStream.swift */,
				A1008A0F1E16454A00419AB4 /* KoaraError.swift */,
				A1008A101E16454A00419AB4 /* Parser.swift */,
				A1008A111E16454A00419AB4 /* Renderer.swift */,
				A1008A121E16454A00419AB4 /* Token.swift */,
				A1008A131E16454A00419AB4 /* TokenManager.swift */,
				A1008A141E16454A00419AB4 /* TreeState.swift */,
				A17742B11E1539C100AB88FF /* Koara.h */,
			);
			name = Source;
			sourceTree = "<group>";
		};
		A1C3639E1E15912C00CC1874 /* Io */ = {
			isa = PBXGroup;
			children = (
				A1008A091E16451F00419AB4 /* FileReader.swift */,
				A1C3639F1E15915700CC1874 /* Reader.swift */,
				A1C363A01E15915700CC1874 /* StringReader.swift */,
			);
			name = Io;
			sourceTree = "<group>";
		};
/* End PBXGroup section */

/* Begin PBXHeadersBuildPhase section */
		A1008A4E1E16477600419AB4 /* Headers */ = {
			isa = PBXHeadersBuildPhase;
			buildActionMask = 2147483647;
			files = (
				A1008A681E1647CA00419AB4 /* Koara.h in Headers */,
			);
			runOnlyForDeploymentPostprocessing = 0;
		};
/* End PBXHeadersBuildPhase section */

/* Begin PBXNativeTarget section */
		A1008A501E16477600419AB4 /* Koara iOS */ = {
			isa = PBXNativeTarget;
			buildConfigurationList = A1008A621E16477600419AB4 /* Build configuration list for PBXNativeTarget "Koara iOS" */;
			buildPhases = (
				A1008A4C1E16477600419AB4 /* Sources */,
				A1008A4D1E16477600419AB4 /* Frameworks */,
				A1008A4E1E16477600419AB4 /* Headers */,
				A1008A4F1E16477600419AB4 /* Resources */,
			);
			buildRules = (
			);
			dependencies = (
			);
			name = "Koara iOS";
			productName = Koara;
			productReference = A1008A511E16477600419AB4 /* Koara.framework */;
			productType = "com.apple.product-type.framework";
		};
		A1008A581E16477600419AB4 /* Koara iOS Tests */ = {
			isa = PBXNativeTarget;
			buildConfigurationList = A1008A651E16477600419AB4 /* Build configuration list for PBXNativeTarget "Koara iOS Tests" */;
			buildPhases = (
				A1008A551E16477600419AB4 /* Sources */,
				A1008A561E16477600419AB4 /* Frameworks */,
				A1008A571E16477600419AB4 /* Resources */,
			);
			buildRules = (
			);
			dependencies = (
				A1008A5C1E16477600419AB4 /* PBXTargetDependency */,
			);
			name = "Koara iOS Tests";
			productName = KoaraTests;
			productReference = A1008A591E16477600419AB4 /* Koara iOS Tests.xctest */;
			productType = "com.apple.product-type.bundle.unit-test";
		};
/* End PBXNativeTarget section */

/* Begin PBXProject section */
		A17741291E13F67C00AB88FF /* Project object */ = {
			isa = PBXProject;
			attributes = {
				LastSwiftUpdateCheck = 0820;
				LastUpgradeCheck = 0820;
				TargetAttributes = {
					A1008A501E16477600419AB4 = {
						CreatedOnToolsVersion = 8.2.1;
						ProvisioningStyle = Automatic;
					};
					A1008A581E16477600419AB4 = {
						CreatedOnToolsVersion = 8.2.1;
						ProvisioningStyle = Automatic;
					};
				};
			};
			buildConfigurationList = A177412C1E13F67C00AB88FF /* Build configuration list for PBXProject "Koara" */;
			compatibilityVersion = "Xcode 3.2";
			developmentRegion = English;
			hasScannedForEncodings = 0;
			knownRegions = (
				en,
			);
			mainGroup = A17741281E13F67C00AB88FF;
			productRefGroup = A17741281E13F67C00AB88FF;
			projectDirPath = "";
			projectRoot = "";
			targets = (
				A1008A501E16477600419AB4 /* Koara iOS */,
				A1008A581E16477600419AB4 /* Koara iOS Tests */,
			);
		};
/* End PBXProject section */

/* Begin PBXResourcesBuildPhase section */
		A1008A4F1E16477600419AB4 /* Resources */ = {
			isa = PBXResourcesBuildPhase;
			buildActionMask = 2147483647;
			files = (
			);
			runOnlyForDeploymentPostprocessing = 0;
		};
		A1008A571E16477600419AB4 /* Resources */ = {
			isa = PBXResourcesBuildPhase;
			buildActionMask = 2147483647;
			files = (
			);
			runOnlyForDeploymentPostprocessing = 0;
		};
/* End PBXResourcesBuildPhase section */

/* Begin PBXSourcesBuildPhase section */
		A1008A4C1E16477600419AB4 /* Sources */ = {
			isa = PBXSourcesBuildPhase;
			buildActionMask = 2147483647;
			files = (
				A1008A6F1E164A0E00419AB4 /* BlockElement.swift in Sources */,
				A1008A701E164A0E00419AB4 /* BlockQuote.swift in Sources */,
				A1008A711E164A0E00419AB4 /* Code.swift in Sources */,
				A1008A721E164A0E00419AB4 /* CodeBlock.swift in Sources */,
				A1008A731E164A0E00419AB4 /* Document.swift in Sources */,
				A1008A741E164A0E00419AB4 /* Em.swift in Sources */,
				A1008A751E164A0E00419AB4 /* Heading.swift in Sources */,
				A1008A761E164A0E00419AB4 /* Image.swift in Sources */,
				A1008A771E164A0E00419AB4 /* LineBreak.swift in Sources */,
				A1008A781E164A0E00419AB4 /* Link.swift in Sources */,
				A1008A791E164A0E00419AB4 /* ListBlock.swift in Sources */,
				A1008A7A1E164A0E00419AB4 /* ListItem.swift in Sources */,
				A1008A7B1E164A0E00419AB4 /* Node.swift in Sources */,
				A1008A7C1E164A0E00419AB4 /* Paragraph.swift in Sources */,
				A1008A7D1E164A0E00419AB4 /* Strong.swift in Sources */,
				A1008A7E1E164A0E00419AB4 /* Text.swift in Sources */,
				A1008A7F1E164A0E00419AB4 /* FileReader.swift in Sources */,
				A1008A801E164A0E00419AB4 /* Reader.swift in Sources */,
				A1008A811E164A0E00419AB4 /* StringReader.swift in Sources */,
				A1008A821E164A0E00419AB4 /* Character.swift in Sources */,
				A1008A831E164A0E00419AB4 /* CharStream.swift in Sources */,
				A1008A841E164A0E00419AB4 /* KoaraError.swift in Sources */,
				A1008A851E164A0E00419AB4 /* Parser.swift in Sources */,
				A1008A861E164A0E00419AB4 /* Renderer.swift in Sources */,
				A1008A871E164A0E00419AB4 /* Token.swift in Sources */,
				A1008A881E164A0E00419AB4 /* TokenManager.swift in Sources */,
				A1008A891E164A0E00419AB4 /* TreeState.swift in Sources */,
			);
			runOnlyForDeploymentPostprocessing = 0;
		};
		A1008A551E16477600419AB4 /* Sources */ = {
			isa = PBXSourcesBuildPhase;
			buildActionMask = 2147483647;
			files = (
				A1008A691E1647FD00419AB4 /* CharStreamTests.swift in Sources */,
				A1008A6A1E1647FD00419AB4 /* ComplianceTest.swift in Sources */,
				A1008A6B1E1647FD00419AB4 /* Html5Renderer.swift in Sources */,
				A1008A6C1E1647FD00419AB4 /* TokenManagerTest.swift in Sources */,
				A1008A6D1E1647FD00419AB4 /* FileReaderTests.swift in Sources */,
				A1008A6E1E1647FD00419AB4 /* StringReaderTest.swift in Sources */,
			);
			runOnlyForDeploymentPostprocessing = 0;
		};
/* End PBXSourcesBuildPhase section */

/* Begin PBXTargetDependency section */
		A1008A5C1E16477600419AB4 /* PBXTargetDependency */ = {
			isa = PBXTargetDependency;
			target = A1008A501E16477600419AB4 /* Koara iOS */;
			targetProxy = A1008A5B1E16477600419AB4 /* PBXContainerItemProxy */;
		};
/* End PBXTargetDependency section */

/* Begin XCBuildConfiguration section */
		A1008A631E16477600419AB4 /* Debug */ = {
			isa = XCBuildConfiguration;
			buildSettings = {
				ALWAYS_SEARCH_USER_PATHS = NO;
				CLANG_ANALYZER_NONNULL = YES;
				CLANG_CXX_LANGUAGE_STANDARD = "gnu++0x";
				CLANG_CXX_LIBRARY = "libc++";
				CLANG_ENABLE_MODULES = YES;
				CLANG_ENABLE_OBJC_ARC = YES;
				CLANG_WARN_BOOL_CONVERSION = YES;
				CLANG_WARN_CONSTANT_CONVERSION = YES;
				CLANG_WARN_DIRECT_OBJC_ISA_USAGE = YES_ERROR;
				CLANG_WARN_DOCUMENTATION_COMMENTS = YES;
				CLANG_WARN_EMPTY_BODY = YES;
				CLANG_WARN_ENUM_CONVERSION = YES;
				CLANG_WARN_INFINITE_RECURSION = YES;
				CLANG_WARN_INT_CONVERSION = YES;
				CLANG_WARN_OBJC_ROOT_CLASS = YES_ERROR;
				CLANG_WARN_SUSPICIOUS_MOVE = YES;
				CLANG_WARN_UNREACHABLE_CODE = YES;
				CLANG_WARN__DUPLICATE_METHOD_MATCH = YES;
				CODE_SIGN_IDENTITY = "";
				"CODE_SIGN_IDENTITY[sdk=iphoneos*]" = "";
				COPY_PHASE_STRIP = NO;
				CURRENT_PROJECT_VERSION = 1;
				DEBUG_INFORMATION_FORMAT = dwarf;
				DEFINES_MODULE = YES;
				DYLIB_COMPATIBILITY_VERSION = 1;
				DYLIB_CURRENT_VERSION = 1;
				DYLIB_INSTALL_NAME_BASE = "@rpath";
				ENABLE_STRICT_OBJC_MSGSEND = YES;
				ENABLE_TESTABILITY = YES;
				GCC_C_LANGUAGE_STANDARD = gnu99;
				GCC_DYNAMIC_NO_PIC = NO;
				GCC_NO_COMMON_BLOCKS = YES;
				GCC_OPTIMIZATION_LEVEL = 0;
				GCC_PREPROCESSOR_DEFINITIONS = (
					"DEBUG=1",
					"$(inherited)",
				);
				GCC_WARN_64_TO_32_BIT_CONVERSION = YES;
				GCC_WARN_ABOUT_RETURN_TYPE = YES_ERROR;
				GCC_WARN_UNDECLARED_SELECTOR = YES;
				GCC_WARN_UNINITIALIZED_AUTOS = YES_AGGRESSIVE;
				GCC_WARN_UNUSED_FUNCTION = YES;
				GCC_WARN_UNUSED_VARIABLE = YES;
				INFOPLIST_FILE = "Source/Info-iOS.plist";
				INSTALL_PATH = "$(LOCAL_LIBRARY_DIR)/Frameworks";
				IPHONEOS_DEPLOYMENT_TARGET = 8.0;
				LD_RUNPATH_SEARCH_PATHS = "$(inherited) @executable_path/Frameworks @loader_path/Frameworks";
				MTL_ENABLE_DEBUG_INFO = YES;
				ONLY_ACTIVE_ARCH = YES;
				PRODUCT_BUNDLE_IDENTIFIER = io.koara.Koara;
				PRODUCT_NAME = Koara;
				SDKROOT = iphoneos;
				SKIP_INSTALL = YES;
				SWIFT_ACTIVE_COMPILATION_CONDITIONS = DEBUG;
				SWIFT_OPTIMIZATION_LEVEL = "-Onone";
				SWIFT_VERSION = 3.0;
				TARGETED_DEVICE_FAMILY = "1,2";
				VERSIONING_SYSTEM = "apple-generic";
				VERSION_INFO_PREFIX = "";
			};
			name = Debug;
		};
		A1008A641E16477600419AB4 /* Release */ = {
			isa = XCBuildConfiguration;
			buildSettings = {
				ALWAYS_SEARCH_USER_PATHS = NO;
				CLANG_ANALYZER_NONNULL = YES;
				CLANG_CXX_LANGUAGE_STANDARD = "gnu++0x";
				CLANG_CXX_LIBRARY = "libc++";
				CLANG_ENABLE_MODULES = YES;
				CLANG_ENABLE_OBJC_ARC = YES;
				CLANG_WARN_BOOL_CONVERSION = YES;
				CLANG_WARN_CONSTANT_CONVERSION = YES;
				CLANG_WARN_DIRECT_OBJC_ISA_USAGE = YES_ERROR;
				CLANG_WARN_DOCUMENTATION_COMMENTS = YES;
				CLANG_WARN_EMPTY_BODY = YES;
				CLANG_WARN_ENUM_CONVERSION = YES;
				CLANG_WARN_INFINITE_RECURSION = YES;
				CLANG_WARN_INT_CONVERSION = YES;
				CLANG_WARN_OBJC_ROOT_CLASS = YES_ERROR;
				CLANG_WARN_SUSPICIOUS_MOVE = YES;
				CLANG_WARN_UNREACHABLE_CODE = YES;
				CLANG_WARN__DUPLICATE_METHOD_MATCH = YES;
				CODE_SIGN_IDENTITY = "";
				"CODE_SIGN_IDENTITY[sdk=iphoneos*]" = "";
				COPY_PHASE_STRIP = NO;
				CURRENT_PROJECT_VERSION = 1;
				DEBUG_INFORMATION_FORMAT = "dwarf-with-dsym";
				DEFINES_MODULE = YES;
				DYLIB_COMPATIBILITY_VERSION = 1;
				DYLIB_CURRENT_VERSION = 1;
				DYLIB_INSTALL_NAME_BASE = "@rpath";
				ENABLE_NS_ASSERTIONS = NO;
				ENABLE_STRICT_OBJC_MSGSEND = YES;
				GCC_C_LANGUAGE_STANDARD = gnu99;
				GCC_NO_COMMON_BLOCKS = YES;
				GCC_WARN_64_TO_32_BIT_CONVERSION = YES;
				GCC_WARN_ABOUT_RETURN_TYPE = YES_ERROR;
				GCC_WARN_UNDECLARED_SELECTOR = YES;
				GCC_WARN_UNINITIALIZED_AUTOS = YES_AGGRESSIVE;
				GCC_WARN_UNUSED_FUNCTION = YES;
				GCC_WARN_UNUSED_VARIABLE = YES;
				INFOPLIST_FILE = "Source/Info-iOS.plist";
				INSTALL_PATH = "$(LOCAL_LIBRARY_DIR)/Frameworks";
				IPHONEOS_DEPLOYMENT_TARGET = 8.0;
				LD_RUNPATH_SEARCH_PATHS = "$(inherited) @executable_path/Frameworks @loader_path/Frameworks";
				MTL_ENABLE_DEBUG_INFO = NO;
				PRODUCT_BUNDLE_IDENTIFIER = io.koara.Koara;
				PRODUCT_NAME = Koara;
				SDKROOT = iphoneos;
				SKIP_INSTALL = YES;
				SWIFT_OPTIMIZATION_LEVEL = "-Owholemodule";
				SWIFT_VERSION = 3.0;
				TARGETED_DEVICE_FAMILY = "1,2";
				VALIDATE_PRODUCT = YES;
				VERSIONING_SYSTEM = "apple-generic";
				VERSION_INFO_PREFIX = "";
			};
			name = Release;
		};
		A1008A661E16477600419AB4 /* Debug */ = {
			isa = XCBuildConfiguration;
			buildSettings = {
				ALWAYS_EMBED_SWIFT_STANDARD_LIBRARIES = YES;
				ALWAYS_SEARCH_USER_PATHS = NO;
				CLANG_ANALYZER_NONNULL = YES;
				CLANG_CXX_LANGUAGE_STANDARD = "gnu++0x";
				CLANG_CXX_LIBRARY = "libc++";
				CLANG_ENABLE_MODULES = YES;
				CLANG_ENABLE_OBJC_ARC = YES;
				CLANG_WARN_BOOL_CONVERSION = YES;
				CLANG_WARN_CONSTANT_CONVERSION = YES;
				CLANG_WARN_DIRECT_OBJC_ISA_USAGE = YES_ERROR;
				CLANG_WARN_DOCUMENTATION_COMMENTS = YES;
				CLANG_WARN_EMPTY_BODY = YES;
				CLANG_WARN_ENUM_CONVERSION = YES;
				CLANG_WARN_INFINITE_RECURSION = YES;
				CLANG_WARN_INT_CONVERSION = YES;
				CLANG_WARN_OBJC_ROOT_CLASS = YES_ERROR;
				CLANG_WARN_SUSPICIOUS_MOVE = YES;
				CLANG_WARN_UNREACHABLE_CODE = YES;
				CLANG_WARN__DUPLICATE_METHOD_MATCH = YES;
				"CODE_SIGN_IDENTITY[sdk=iphoneos*]" = "iPhone Developer";
				COPY_PHASE_STRIP = NO;
				DEBUG_INFORMATION_FORMAT = dwarf;
				ENABLE_STRICT_OBJC_MSGSEND = YES;
				ENABLE_TESTABILITY = YES;
				GCC_C_LANGUAGE_STANDARD = gnu99;
				GCC_DYNAMIC_NO_PIC = NO;
				GCC_NO_COMMON_BLOCKS = YES;
				GCC_OPTIMIZATION_LEVEL = 0;
				GCC_PREPROCESSOR_DEFINITIONS = (
					"DEBUG=1",
					"$(inherited)",
				);
				GCC_WARN_64_TO_32_BIT_CONVERSION = YES;
				GCC_WARN_ABOUT_RETURN_TYPE = YES_ERROR;
				GCC_WARN_UNDECLARED_SELECTOR = YES;
				GCC_WARN_UNINITIALIZED_AUTOS = YES_AGGRESSIVE;
				GCC_WARN_UNUSED_FUNCTION = YES;
				GCC_WARN_UNUSED_VARIABLE = YES;
				INFOPLIST_FILE = "Tests/Info-iOS.plist";
				IPHONEOS_DEPLOYMENT_TARGET = 10.2;
				LD_RUNPATH_SEARCH_PATHS = "$(inherited) @executable_path/Frameworks @loader_path/Frameworks";
				MTL_ENABLE_DEBUG_INFO = YES;
				ONLY_ACTIVE_ARCH = YES;
				PRODUCT_BUNDLE_IDENTIFIER = io.koara.KoaraTests;
				PRODUCT_NAME = "$(TARGET_NAME)";
				SDKROOT = iphoneos;
				SWIFT_ACTIVE_COMPILATION_CONDITIONS = DEBUG;
				SWIFT_OPTIMIZATION_LEVEL = "-Onone";
				SWIFT_VERSION = 3.0;
			};
			name = Debug;
		};
		A1008A671E16477600419AB4 /* Release */ = {
			isa = XCBuildConfiguration;
			buildSettings = {
				ALWAYS_EMBED_SWIFT_STANDARD_LIBRARIES = YES;
				ALWAYS_SEARCH_USER_PATHS = NO;
				CLANG_ANALYZER_NONNULL = YES;
				CLANG_CXX_LANGUAGE_STANDARD = "gnu++0x";
				CLANG_CXX_LIBRARY = "libc++";
				CLANG_ENABLE_MODULES = YES;
				CLANG_ENABLE_OBJC_ARC = YES;
				CLANG_WARN_BOOL_CONVERSION = YES;
				CLANG_WARN_CONSTANT_CONVERSION = YES;
				CLANG_WARN_DIRECT_OBJC_ISA_USAGE = YES_ERROR;
				CLANG_WARN_DOCUMENTATION_COMMENTS = YES;
				CLANG_WARN_EMPTY_BODY = YES;
				CLANG_WARN_ENUM_CONVERSION = YES;
				CLANG_WARN_INFINITE_RECURSION = YES;
				CLANG_WARN_INT_CONVERSION = YES;
				CLANG_WARN_OBJC_ROOT_CLASS = YES_ERROR;
				CLANG_WARN_SUSPICIOUS_MOVE = YES;
				CLANG_WARN_UNREACHABLE_CODE = YES;
				CLANG_WARN__DUPLICATE_METHOD_MATCH = YES;
				"CODE_SIGN_IDENTITY[sdk=iphoneos*]" = "iPhone Developer";
				COPY_PHASE_STRIP = NO;
				DEBUG_INFORMATION_FORMAT = "dwarf-with-dsym";
				ENABLE_NS_ASSERTIONS = NO;
				ENABLE_STRICT_OBJC_MSGSEND = YES;
				GCC_C_LANGUAGE_STANDARD = gnu99;
				GCC_NO_COMMON_BLOCKS = YES;
				GCC_WARN_64_TO_32_BIT_CONVERSION = YES;
				GCC_WARN_ABOUT_RETURN_TYPE = YES_ERROR;
				GCC_WARN_UNDECLARED_SELECTOR = YES;
				GCC_WARN_UNINITIALIZED_AUTOS = YES_AGGRESSIVE;
				GCC_WARN_UNUSED_FUNCTION = YES;
				GCC_WARN_UNUSED_VARIABLE = YES;
				INFOPLIST_FILE = "Tests/Info-iOS.plist";
				IPHONEOS_DEPLOYMENT_TARGET = 10.2;
				LD_RUNPATH_SEARCH_PATHS = "$(inherited) @executable_path/Frameworks @loader_path/Frameworks";
				MTL_ENABLE_DEBUG_INFO = NO;
				PRODUCT_BUNDLE_IDENTIFIER = io.koara.KoaraTests;
				PRODUCT_NAME = "$(TARGET_NAME)";
				SDKROOT = iphoneos;
				SWIFT_OPTIMIZATION_LEVEL = "-Owholemodule";
				SWIFT_VERSION = 3.0;
				VALIDATE_PRODUCT = YES;
			};
			name = Release;
		};
		A177412D1E13F67C00AB88FF /* Debug */ = {
			isa = XCBuildConfiguration;
			buildSettings = {
				CLANG_WARN_BOOL_CONVERSION = YES;
				CLANG_WARN_CONSTANT_CONVERSION = YES;
				CLANG_WARN_EMPTY_BODY = YES;
				CLANG_WARN_ENUM_CONVERSION = YES;
				CLANG_WARN_INFINITE_RECURSION = YES;
				CLANG_WARN_INT_CONVERSION = YES;
				CLANG_WARN_SUSPICIOUS_MOVE = YES;
				CLANG_WARN_UNREACHABLE_CODE = YES;
				CLANG_WARN__DUPLICATE_METHOD_MATCH = YES;
				CODE_SIGN_IDENTITY = "iPhone Developer: andy.vandenheuvel@gmail.com (DGEE84MG7S)";
				ENABLE_STRICT_OBJC_MSGSEND = YES;
				ENABLE_TESTABILITY = YES;
				GCC_NO_COMMON_BLOCKS = YES;
				GCC_WARN_64_TO_32_BIT_CONVERSION = YES;
				GCC_WARN_ABOUT_RETURN_TYPE = YES;
				GCC_WARN_UNDECLARED_SELECTOR = YES;
				GCC_WARN_UNINITIALIZED_AUTOS = YES;
				GCC_WARN_UNUSED_FUNCTION = YES;
				GCC_WARN_UNUSED_VARIABLE = YES;
				ONLY_ACTIVE_ARCH = YES;
			};
			name = Debug;
		};
		A177412E1E13F67C00AB88FF /* Release */ = {
			isa = XCBuildConfiguration;
			buildSettings = {
				CLANG_WARN_BOOL_CONVERSION = YES;
				CLANG_WARN_CONSTANT_CONVERSION = YES;
				CLANG_WARN_EMPTY_BODY = YES;
				CLANG_WARN_ENUM_CONVERSION = YES;
				CLANG_WARN_INFINITE_RECURSION = YES;
				CLANG_WARN_INT_CONVERSION = YES;
				CLANG_WARN_SUSPICIOUS_MOVE = YES;
				CLANG_WARN_UNREACHABLE_CODE = YES;
				CLANG_WARN__DUPLICATE_METHOD_MATCH = YES;
				CODE_SIGN_IDENTITY = "iPhone Developer: andy.vandenheuvel@gmail.com (DGEE84MG7S)";
				ENABLE_STRICT_OBJC_MSGSEND = YES;
				GCC_NO_COMMON_BLOCKS = YES;
				GCC_WARN_64_TO_32_BIT_CONVERSION = YES;
				GCC_WARN_ABOUT_RETURN_TYPE = YES;
				GCC_WARN_UNDECLARED_SELECTOR = YES;
				GCC_WARN_UNINITIALIZED_AUTOS = YES;
				GCC_WARN_UNUSED_FUNCTION = YES;
				GCC_WARN_UNUSED_VARIABLE = YES;
			};
			name = Release;
		};
/* End XCBuildConfiguration section */

/* Begin XCConfigurationList section */
		A1008A621E16477600419AB4 /* Build configuration list for PBXNativeTarget "Koara iOS" */ = {
			isa = XCConfigurationList;
			buildConfigurations = (
				A1008A631E16477600419AB4 /* Debug */,
				A1008A641E16477600419AB4 /* Release */,
			);
			defaultConfigurationIsVisible = 0;
			defaultConfigurationName = Release;
		};
		A1008A651E16477600419AB4 /* Build configuration list for PBXNativeTarget "Koara iOS Tests" */ = {
			isa = XCConfigurationList;
			buildConfigurations = (
				A1008A661E16477600419AB4 /* Debug */,
				A1008A671E16477600419AB4 /* Release */,
			);
			defaultConfigurationIsVisible = 0;
			defaultConfigurationName = Release;
		};
		A177412C1E13F67C00AB88FF /* Build configuration list for PBXProject "Koara" */ = {
			isa = XCConfigurationList;
			buildConfigurations = (
				A177412D1E13F67C00AB88FF /* Debug */,
				A177412E1E13F67C00AB88FF /* Release */,
			);
			defaultConfigurationIsVisible = 0;
			defaultConfigurationName = Release;
		};
/* End XCConfigurationList section */
	};
	rootObject = A17741291E13F67C00AB88FF /* Project object */;
}
